charts:
  - name: aws-limits-exporter
    repo_name:
    version:
  - name: aws-node-termination-handler
    repo_name: aws
    version: 0.8.0
  - name: amazon-vpc-cni
    repo_name: aws
    version: 1.0.9
  - name: aws-calico
    repo_name: aws
    version: 0.3.1

repos:
  - name: aws
    url: https://aws.github.io/eks-charts