dependencies:
- name: crds
  repository: ""
  version: 0.0.0
- name: kube-state-metrics
  repository: https://prometheus-community.github.io/helm-charts
  version: 5.15.2
- name: prometheus-node-exporter
  repository: https://prometheus-community.github.io/helm-charts
  version: 4.24.0
- name: grafana
  repository: https://grafana.github.io/helm-charts
  version: 7.0.17
- name: prometheus-windows-exporter
  repository: https://prometheus-community.github.io/helm-charts
  version: 0.1.2
digest: sha256:60364b0fb5b1e5c2ca82e92e6b618cd44daedfb15ac542b89e3ef75ef161da1e
generated: "2023-12-14T11:25:47.603706256Z"
