dependencies:
- name: kube-state-metrics
  repository: https://prometheus-community.github.io/helm-charts
  version: 5.4.2
- name: prometheus-node-exporter
  repository: https://prometheus-community.github.io/helm-charts
  version: 4.16.0
- name: grafana
  repository: https://grafana.github.io/helm-charts
  version: 6.52.9
digest: sha256:0062396fa82797dccdf618686b6e89e000468e584b6299640d89660c5cbd2924
generated: "2023-04-14T09:04:54.741505566Z"
