dependencies:
- name: crds
  repository: ""
  version: 0.0.0
- name: kube-state-metrics
  repository: https://prometheus-community.github.io/helm-charts
  version: 5.12.1
- name: prometheus-node-exporter
  repository: https://prometheus-community.github.io/helm-charts
  version: 4.23.0
- name: grafana
  repository: https://grafana.github.io/helm-charts
  version: 6.59.4
- name: prometheus-windows-exporter
  repository: https://prometheus-community.github.io/helm-charts
  version: 0.1.1
digest: sha256:8847af00018cf92720d6ae4023efcf202420865f873cea75b711d75b7549efd7
generated: "2023-09-12T11:21:52.277362481Z"
