charts:
  - name: cert-manager
    version: v0.15.2
  - name: external-dns
    repo_name: bitnami
    version: 3.2.3
  - name: fluent-bit
    repo_name: lifen
    version: 2.8.0
  - name: grafana
    repo_name: stable/grafana
    version: 5.3.4
  - name: grafana
    repo_name: stable/nginx-ingress
    version: 1.40.2
  - name: prometheus-operator
    repo_name: stable/prometheus-operator
    version: 8.15.12

repos:
  - name: jetstack
    url: https://charts.jetstack.io
  - name: bitnami
    url: https://charts.bitnami.com/bitnami
  - name: lifen
    url: https://honestica.github.io/lifen-charts